
Microsoft Visual Studio Solution File, Format Version 12.00
# Visual Studio 15
VisualStudioVersion = 15.0.27130.2027
MinimumVisualStudioVersion = 10.0.40219.1
Project("{FAE04EC0-301F-11D3-BF4B-00C04F79EFBC}") = "Photos from Windows spotlight", "Photos from Windows spotlight\Photos from Windows spotlight.csproj", "{33677A31-970E-4CAC-B98C-85BEA21D68B9}"
EndProject
Global
	GlobalSection(SolutionConfigurationPlatforms) = preSolution
		Debug|Any CPU = Debug|Any CPU
		Release|Any CPU = Release|Any CPU
	EndGlobalSection
	GlobalSection(ProjectConfigurationPlatforms) = postSolution
		{33677A31-970E-4CAC-B98C-85BEA21D68B9}.Debug|Any CPU.ActiveCfg = Debug|Any CPU
		{33677A31-970E-4CAC-B98C-85BEA21D68B9}.Debug|Any CPU.Build.0 = Debug|Any CPU
		{33677A31-970E-4CAC-B98C-85BEA21D68B9}.Release|Any CPU.ActiveCfg = Release|Any CPU
		{33677A31-970E-4CAC-B98C-85BEA21D68B9}.Release|Any CPU.Build.0 = Release|Any CPU
	EndGlobalSection
	GlobalSection(SolutionProperties) = preSolution
		HideSolutionNode = FALSE
	EndGlobalSection
	GlobalSection(ExtensibilityGlobals) = postSolution
		SolutionGuid = {342E659D-D33E-43E8-AC3B-A573AA6E0D84}
	EndGlobalSection
EndGlobal
