
Microsoft Visual Studio Solution File, Format Version 12.00
# Visual Studio Version 16
VisualStudioVersion = 16.0.30907.101
MinimumVisualStudioVersion = 10.0.40219.1
Project("{FAE04EC0-301F-11D3-BF4B-00C04F79EFBC}") = "Photos Windows spotlight", "Photos Windows spotlight.csproj", "{8094DF4F-EB14-4578-B48E-763E38B68792}"
EndProject
Project("{FAE04EC0-301F-11D3-BF4B-00C04F79EFBC}") = "ImagesWindowsSpotlight.lib", "..\ImagesWindowsSpotlight.lib\ImagesWindowsSpotlight.lib.csproj", "{13BCF08E-C5CD-44C9-AA24-7B3EF712D828}"
EndProject
Global
	GlobalSection(SolutionConfigurationPlatforms) = preSolution
		Debug|Any CPU = Debug|Any CPU
		Release|Any CPU = Release|Any CPU
	EndGlobalSection
	GlobalSection(ProjectConfigurationPlatforms) = postSolution
		{8094DF4F-EB14-4578-B48E-763E38B68792}.Debug|Any CPU.ActiveCfg = Debug|Any CPU
		{8094DF4F-EB14-4578-B48E-763E38B68792}.Debug|Any CPU.Build.0 = Debug|Any CPU
		{8094DF4F-EB14-4578-B48E-763E38B68792}.Release|Any CPU.ActiveCfg = Release|Any CPU
		{8094DF4F-EB14-4578-B48E-763E38B68792}.Release|Any CPU.Build.0 = Release|Any CPU
		{13BCF08E-C5CD-44C9-AA24-7B3EF712D828}.Debug|Any CPU.ActiveCfg = Debug|Any CPU
		{13BCF08E-C5CD-44C9-AA24-7B3EF712D828}.Debug|Any CPU.Build.0 = Debug|Any CPU
		{13BCF08E-C5CD-44C9-AA24-7B3EF712D828}.Release|Any CPU.ActiveCfg = Release|Any CPU
		{13BCF08E-C5CD-44C9-AA24-7B3EF712D828}.Release|Any CPU.Build.0 = Release|Any CPU
	EndGlobalSection
	GlobalSection(SolutionProperties) = preSolution
		HideSolutionNode = FALSE
	EndGlobalSection
	GlobalSection(ExtensibilityGlobals) = postSolution
		SolutionGuid = {C4D56C6C-B884-4C1D-A660-580815694CD3}
	EndGlobalSection
EndGlobal
